{
    "name": "@dev_cd606/tm_transport",
    "version": "1.0.0",
    "lockfileVersion": 3,
    "requires": true,
    "packages": {
        "": {
            "name": "@dev_cd606/tm_transport",
            "version": "1.0.0",
            "license": "MIT",
            "dependencies": {
                "@dev_cd606/tm_basic": "file:../../tm_basic/node_lib",
                "@dev_cd606/tm_infra": "file:../../tm_infra/node_lib",
                "amqplib": "^0.10.9",
                "cbor": "^10.0.11",
                "date-fns": "^4.1.0",
                "dgram": "^1.0.1",
                "elliptic": "^6.6.1",
                "etcd3": "^1.1.2",
                "fs": "^0.0.1-security",
                "lodash": "^4.17.21",
                "nats": "^2.29.3",
                "os": "^0.1.2",
                "process": "^0.11.10",
                "redis": "^5.10.0",
                "stream": "^0.0.3",
                "uuid": "^13.0.0",
                "ws": "^8.19.0",
                "zeromq": "^6.5.0"
            },
            "devDependencies": {
                "@types/amqplib": "^0.10.8",
                "@types/elliptic": "^6.4.18",
                "@types/lodash": "^4.17.21",
                "@types/node": "^25.0.2",
                "@types/ws": "^8.18.1",
                "typescript": "^5.4.0"
            },
            "engines": {
                "node": ">=18"
            }
        },
        "../../tm_basic/node_lib": {
            "name": "@dev_cd606/tm_basic",
            "version": "1.0.0",
            "license": "MIT",
            "dependencies": {
                "@dev_cd606/tm_infra": "file:../../tm_infra/node_lib",
                "console": "^0.7.2",
                "date-fns": "^4.1.0",
                "fs": "^0.0.1-security",
                "lodash": "^4.17.21",
                "printf": "^0.6.1",
                "stream": "^0.0.3"
            },
            "devDependencies": {
                "@types/lodash": "^4.17.21",
                "@types/node": "^25.0.2",
                "typescript": "^5.4.0"
            },
            "engines": {
                "node": ">=18"
            }
        },
        "../../tm_infra/node_lib": {
            "name": "@dev_cd606/tm_infra",
            "version": "1.0.0",
            "license": "MIT",
            "dependencies": {
                "process": "^0.11.10",
                "stream": "^0.0.3",
                "uuid": "^13.0.0"
            },
            "devDependencies": {
                "@types/node": "^25.0.2",
                "typescript": "^5.4.0"
            },
            "engines": {
                "node": ">=18"
            }
        },
        "node_modules/@dev_cd606/tm_basic": {
            "resolved": "../../tm_basic/node_lib",
            "link": true
        },
        "node_modules/@dev_cd606/tm_infra": {
            "resolved": "../../tm_infra/node_lib",
            "link": true
        },
        "node_modules/@grpc/grpc-js": {
            "version": "1.14.3",
            "resolved": "https://registry.npmjs.org/@grpc/grpc-js/-/grpc-js-1.14.3.tgz",
            "integrity": "sha512-Iq8QQQ/7X3Sac15oB6p0FmUg/klxQvXLeileoqrTRGJYLV+/9tubbr9ipz0GKHjmXVsgFPo/+W+2cA8eNcR+XA==",
            "license": "Apache-2.0",
            "dependencies": {
                "@grpc/proto-loader": "^0.8.0",
                "@js-sdsl/ordered-map": "^4.4.2"
            },
            "engines": {
                "node": ">=12.10.0"
            }
        },
        "node_modules/@grpc/grpc-js/node_modules/@grpc/proto-loader": {
            "version": "0.8.0",
            "resolved": "https://registry.npmjs.org/@grpc/proto-loader/-/proto-loader-0.8.0.tgz",
            "integrity": "sha512-rc1hOQtjIWGxcxpb9aHAfLpIctjEnsDehj0DAiVfBlmT84uvR0uUtN2hEi/ecvWVjXUGf5qPF4qEgiLOx1YIMQ==",
            "license": "Apache-2.0",
            "dependencies": {
                "lodash.camelcase": "^4.3.0",
                "long": "^5.0.0",
                "protobufjs": "^7.5.3",
                "yargs": "^17.7.2"
            },
            "bin": {
                "proto-loader-gen-types": "build/bin/proto-loader-gen-types.js"
            },
            "engines": {
                "node": ">=6"
            }
        },
        "node_modules/@grpc/proto-loader": {
            "version": "0.7.15",
            "resolved": "https://registry.npmjs.org/@grpc/proto-loader/-/proto-loader-0.7.15.tgz",
            "integrity": "sha512-tMXdRCfYVixjuFK+Hk0Q1s38gV9zDiDJfWL3h1rv4Qc39oILCu1TRTDt7+fGUI8K4G1Fj125Hx/ru3azECWTyQ==",
            "license": "Apache-2.0",
            "dependencies": {
                "lodash.camelcase": "^4.3.0",
                "long": "^5.0.0",
                "protobufjs": "^7.2.5",
                "yargs": "^17.7.2"
            },
            "bin": {
                "proto-loader-gen-types": "build/bin/proto-loader-gen-types.js"
            },
            "engines": {
                "node": ">=6"
            }
        },
        "node_modules/@js-sdsl/ordered-map": {
            "version": "4.4.2",
            "resolved": "https://registry.npmjs.org/@js-sdsl/ordered-map/-/ordered-map-4.4.2.tgz",
            "integrity": "sha512-iUKgm52T8HOE/makSxjqoWhe95ZJA1/G1sYsGev2JDKUSS14KAgg1LHb+Ba+IPow0xflbnSkOsZcO08C7w1gYw==",
            "license": "MIT",
            "funding": {
                "type": "opencollective",
                "url": "https://opencollective.com/js-sdsl"
            }
        },
        "node_modules/@protobufjs/aspromise": {
            "version": "1.1.2",
            "resolved": "https://registry.npmjs.org/@protobufjs/aspromise/-/aspromise-1.1.2.tgz",
            "integrity": "sha512-j+gKExEuLmKwvz3OgROXtrJ2UG2x8Ch2YZUxahh+s1F2HZ+wAceUNLkvy6zKCPVRkU++ZWQrdxsUeQXmcg4uoQ==",
            "license": "BSD-3-Clause"
        },
        "node_modules/@protobufjs/base64": {
            "version": "1.1.2",
            "resolved": "https://registry.npmjs.org/@protobufjs/base64/-/base64-1.1.2.tgz",
            "integrity": "sha512-AZkcAA5vnN/v4PDqKyMR5lx7hZttPDgClv83E//FMNhR2TMcLUhfRUBHCmSl0oi9zMgDDqRUJkSxO3wm85+XLg==",
            "license": "BSD-3-Clause"
        },
        "node_modules/@protobufjs/codegen": {
            "version": "2.0.4",
            "resolved": "https://registry.npmjs.org/@protobufjs/codegen/-/codegen-2.0.4.tgz",
            "integrity": "sha512-YyFaikqM5sH0ziFZCN3xDC7zeGaB/d0IUb9CATugHWbd1FRFwWwt4ld4OYMPWu5a3Xe01mGAULCdqhMlPl29Jg==",
            "license": "BSD-3-Clause"
        },
        "node_modules/@protobufjs/eventemitter": {
            "version": "1.1.0",
            "resolved": "https://registry.npmjs.org/@protobufjs/eventemitter/-/eventemitter-1.1.0.tgz",
            "integrity": "sha512-j9ednRT81vYJ9OfVuXG6ERSTdEL1xVsNgqpkxMsbIabzSo3goCjDIveeGv5d03om39ML71RdmrGNjG5SReBP/Q==",
            "license": "BSD-3-Clause"
        },
        "node_modules/@protobufjs/fetch": {
            "version": "1.1.0",
            "resolved": "https://registry.npmjs.org/@protobufjs/fetch/-/fetch-1.1.0.tgz",
            "integrity": "sha512-lljVXpqXebpsijW71PZaCYeIcE5on1w5DlQy5WH6GLbFryLUrBD4932W/E2BSpfRJWseIL4v/KPgBFxDOIdKpQ==",
            "license": "BSD-3-Clause",
            "dependencies": {
                "@protobufjs/aspromise": "^1.1.1",
                "@protobufjs/inquire": "^1.1.0"
            }
        },
        "node_modules/@protobufjs/float": {
            "version": "1.0.2",
            "resolved": "https://registry.npmjs.org/@protobufjs/float/-/float-1.0.2.tgz",
            "integrity": "sha512-Ddb+kVXlXst9d+R9PfTIxh1EdNkgoRe5tOX6t01f1lYWOvJnSPDBlG241QLzcyPdoNTsblLUdujGSE4RzrTZGQ==",
            "license": "BSD-3-Clause"
        },
        "node_modules/@protobufjs/inquire": {
            "version": "1.1.0",
            "resolved": "https://registry.npmjs.org/@protobufjs/inquire/-/inquire-1.1.0.tgz",
            "integrity": "sha512-kdSefcPdruJiFMVSbn801t4vFK7KB/5gd2fYvrxhuJYg8ILrmn9SKSX2tZdV6V+ksulWqS7aXjBcRXl3wHoD9Q==",
            "license": "BSD-3-Clause"
        },
        "node_modules/@protobufjs/path": {
            "version": "1.1.2",
            "resolved": "https://registry.npmjs.org/@protobufjs/path/-/path-1.1.2.tgz",
            "integrity": "sha512-6JOcJ5Tm08dOHAbdR3GrvP+yUUfkjG5ePsHYczMFLq3ZmMkAD98cDgcT2iA1lJ9NVwFd4tH/iSSoe44YWkltEA==",
            "license": "BSD-3-Clause"
        },
        "node_modules/@protobufjs/pool": {
            "version": "1.1.0",
            "resolved": "https://registry.npmjs.org/@protobufjs/pool/-/pool-1.1.0.tgz",
            "integrity": "sha512-0kELaGSIDBKvcgS4zkjz1PeddatrjYcmMWOlAuAPwAeccUrPHdUqo/J6LiymHHEiJT5NrF1UVwxY14f+fy4WQw==",
            "license": "BSD-3-Clause"
        },
        "node_modules/@protobufjs/utf8": {
            "version": "1.1.0",
            "resolved": "https://registry.npmjs.org/@protobufjs/utf8/-/utf8-1.1.0.tgz",
            "integrity": "sha512-Vvn3zZrhQZkkBE8LSuW3em98c0FwgO4nxzv6OdSxPKJIEKY2bGbHn+mhGIPerzI4twdxaP8/0+06HBpwf345Lw==",
            "license": "BSD-3-Clause"
        },
        "node_modules/@redis/bloom": {
            "version": "5.10.0",
            "resolved": "https://registry.npmjs.org/@redis/bloom/-/bloom-5.10.0.tgz",
            "integrity": "sha512-doIF37ob+l47n0rkpRNgU8n4iacBlKM9xLiP1LtTZTvz8TloJB8qx/MgvhMhKdYG+CvCY2aPBnN2706izFn/4A==",
            "license": "MIT",
            "engines": {
                "node": ">= 18"
            },
            "peerDependencies": {
                "@redis/client": "^5.10.0"
            }
        },
        "node_modules/@redis/client": {
            "version": "5.10.0",
            "resolved": "https://registry.npmjs.org/@redis/client/-/client-5.10.0.tgz",
            "integrity": "sha512-JXmM4XCoso6C75Mr3lhKA3eNxSzkYi3nCzxDIKY+YOszYsJjuKbFgVtguVPbLMOttN4iu2fXoc2BGhdnYhIOxA==",
            "license": "MIT",
            "dependencies": {
                "cluster-key-slot": "1.1.2"
            },
            "engines": {
                "node": ">= 18"
            }
        },
        "node_modules/@redis/json": {
            "version": "5.10.0",
            "resolved": "https://registry.npmjs.org/@redis/json/-/json-5.10.0.tgz",
            "integrity": "sha512-B2G8XlOmTPUuZtD44EMGbtoepQG34RCDXLZbjrtON1Djet0t5Ri7/YPXvL9aomXqP8lLTreaprtyLKF4tmXEEA==",
            "license": "MIT",
            "engines": {
                "node": ">= 18"
            },
            "peerDependencies": {
                "@redis/client": "^5.10.0"
            }
        },
        "node_modules/@redis/search": {
            "version": "5.10.0",
            "resolved": "https://registry.npmjs.org/@redis/search/-/search-5.10.0.tgz",
            "integrity": "sha512-3SVcPswoSfp2HnmWbAGUzlbUPn7fOohVu2weUQ0S+EMiQi8jwjL+aN2p6V3TI65eNfVsJ8vyPvqWklm6H6esmg==",
            "license": "MIT",
            "engines": {
                "node": ">= 18"
            },
            "peerDependencies": {
                "@redis/client": "^5.10.0"
            }
        },
        "node_modules/@redis/time-series": {
            "version": "5.10.0",
            "resolved": "https://registry.npmjs.org/@redis/time-series/-/time-series-5.10.0.tgz",
            "integrity": "sha512-cPkpddXH5kc/SdRhF0YG0qtjL+noqFT0AcHbQ6axhsPsO7iqPi1cjxgdkE9TNeKiBUUdCaU1DbqkR/LzbzPBhg==",
            "license": "MIT",
            "engines": {
                "node": ">= 18"
            },
            "peerDependencies": {
                "@redis/client": "^5.10.0"
            }
        },
        "node_modules/@types/amqplib": {
            "version": "0.10.8",
            "resolved": "https://registry.npmjs.org/@types/amqplib/-/amqplib-0.10.8.tgz",
            "integrity": "sha512-vtDp8Pk1wsE/AuQ8/Rgtm6KUZYqcnTgNvEHwzCkX8rL7AGsC6zqAfKAAJhUZXFhM/Pp++tbnUHiam/8vVpPztA==",
            "dev": true,
            "license": "MIT",
            "dependencies": {
                "@types/node": "*"
            }
        },
        "node_modules/@types/bn.js": {
            "version": "5.2.0",
            "resolved": "https://registry.npmjs.org/@types/bn.js/-/bn.js-5.2.0.tgz",
            "integrity": "sha512-DLbJ1BPqxvQhIGbeu8VbUC1DiAiahHtAYvA0ZEAa4P31F7IaArc8z3C3BRQdWX4mtLQuABG4yzp76ZrS02Ui1Q==",
            "dev": true,
            "license": "MIT",
            "dependencies": {
                "@types/node": "*"
            }
        },
        "node_modules/@types/elliptic": {
            "version": "6.4.18",
            "resolved": "https://registry.npmjs.org/@types/elliptic/-/elliptic-6.4.18.tgz",
            "integrity": "sha512-UseG6H5vjRiNpQvrhy4VF/JXdA3V/Fp5amvveaL+fs28BZ6xIKJBPnUPRlEaZpysD9MbpfaLi8lbl7PGUAkpWw==",
            "dev": true,
            "license": "MIT",
            "dependencies": {
                "@types/bn.js": "*"
            }
        },
        "node_modules/@types/lodash": {
            "version": "4.17.21",
            "resolved": "https://registry.npmjs.org/@types/lodash/-/lodash-4.17.21.tgz",
            "integrity": "sha512-FOvQ0YPD5NOfPgMzJihoT+Za5pdkDJWcbpuj1DjaKZIr/gxodQjY/uWEFlTNqW2ugXHUiL8lRQgw63dzKHZdeQ==",
            "dev": true,
            "license": "MIT"
        },
        "node_modules/@types/node": {
            "version": "25.0.2",
            "resolved": "https://registry.npmjs.org/@types/node/-/node-25.0.2.tgz",
            "integrity": "sha512-gWEkeiyYE4vqjON/+Obqcoeffmk0NF15WSBwSs7zwVA2bAbTaE0SJ7P0WNGoJn8uE7fiaV5a7dKYIJriEqOrmA==",
            "license": "MIT",
            "dependencies": {
                "undici-types": "~7.16.0"
            }
        },
        "node_modules/@types/ws": {
            "version": "8.18.1",
            "resolved": "https://registry.npmjs.org/@types/ws/-/ws-8.18.1.tgz",
            "integrity": "sha512-ThVF6DCVhA8kUGy+aazFQ4kXQ7E1Ty7A3ypFOe0IcJV8O/M511G99AW24irKrW56Wt44yG9+ij8FaqoBGkuBXg==",
            "dev": true,
            "license": "MIT",
            "dependencies": {
                "@types/node": "*"
            }
        },
        "node_modules/amqplib": {
            "version": "0.10.9",
            "resolved": "https://registry.npmjs.org/amqplib/-/amqplib-0.10.9.tgz",
            "integrity": "sha512-jwSftI4QjS3mizvnSnOrPGYiUnm1vI2OP1iXeOUz5pb74Ua0nbf6nPyyTzuiCLEE3fMpaJORXh2K/TQ08H5xGA==",
            "license": "MIT",
            "dependencies": {
                "buffer-more-ints": "~1.0.0",
                "url-parse": "~1.5.10"
            },
            "engines": {
                "node": ">=10"
            }
        },
        "node_modules/ansi-regex": {
            "version": "5.0.1",
            "resolved": "https://registry.npmjs.org/ansi-regex/-/ansi-regex-5.0.1.tgz",
            "integrity": "sha512-quJQXlTSUGL2LH9SUXo8VwsY4soanhgo6LNSm84E1LBcE8s3O0wpdiRzyR9z/ZZJMlMWv37qOOb9pdJlMUEKFQ==",
            "license": "MIT",
            "engines": {
                "node": ">=8"
            }
        },
        "node_modules/ansi-styles": {
            "version": "4.3.0",
            "resolved": "https://registry.npmjs.org/ansi-styles/-/ansi-styles-4.3.0.tgz",
            "integrity": "sha512-zbB9rCJAT1rbjiVDb2hqKFHNYLxgtk8NURxZ3IZwD3F6NtxbXZQCnnSi1Lkx+IDohdPlFp222wVALIheZJQSEg==",
            "license": "MIT",
            "dependencies": {
                "color-convert": "^2.0.1"
            },
            "engines": {
                "node": ">=8"
            },
            "funding": {
                "url": "https://github.com/chalk/ansi-styles?sponsor=1"
            }
        },
        "node_modules/bignumber.js": {
            "version": "9.3.1",
            "resolved": "https://registry.npmjs.org/bignumber.js/-/bignumber.js-9.3.1.tgz",
            "integrity": "sha512-Ko0uX15oIUS7wJ3Rb30Fs6SkVbLmPBAKdlm7q9+ak9bbIeFf0MwuBsQV6z7+X768/cHsfg+WlysDWJcmthjsjQ==",
            "license": "MIT",
            "engines": {
                "node": "*"
            }
        },
        "node_modules/bn.js": {
            "version": "4.12.2",
            "resolved": "https://registry.npmjs.org/bn.js/-/bn.js-4.12.2.tgz",
            "integrity": "sha512-n4DSx829VRTRByMRGdjQ9iqsN0Bh4OolPsFnaZBLcbi8iXcB+kJ9s7EnRt4wILZNV3kPLHkRVfOc/HvhC3ovDw==",
            "license": "MIT"
        },
        "node_modules/brorand": {
            "version": "1.1.0",
            "resolved": "https://registry.npmjs.org/brorand/-/brorand-1.1.0.tgz",
            "integrity": "sha512-cKV8tMCEpQs4hK/ik71d6LrPOnpkpGBR0wzxqr68g2m/LB2GxVYQroAjMJZRVM1Y4BCjCKc3vAamxSzOY2RP+w==",
            "license": "MIT"
        },
        "node_modules/buffer-more-ints": {
            "version": "1.0.0",
            "resolved": "https://registry.npmjs.org/buffer-more-ints/-/buffer-more-ints-1.0.0.tgz",
            "integrity": "sha512-EMetuGFz5SLsT0QTnXzINh4Ksr+oo4i+UGTXEshiGCQWnsgSs7ZhJ8fzlwQ+OzEMs0MpDAMr1hxnblp5a4vcHg==",
            "license": "MIT"
        },
        "node_modules/cbor": {
            "version": "10.0.11",
            "resolved": "https://registry.npmjs.org/cbor/-/cbor-10.0.11.tgz",
            "integrity": "sha512-vIwORDd/WyB8Nc23o2zNN5RrtFGlR6Fca61TtjkUXueI3Jf2DOZDl1zsshvBntZ3wZHBM9ztjnkXSmzQDaq3WA==",
            "license": "MIT",
            "dependencies": {
                "nofilter": "^3.0.2"
            },
            "engines": {
                "node": ">=20"
            }
        },
        "node_modules/cliui": {
            "version": "8.0.1",
            "resolved": "https://registry.npmjs.org/cliui/-/cliui-8.0.1.tgz",
            "integrity": "sha512-BSeNnyus75C4//NQ9gQt1/csTXyo/8Sb+afLAkzAptFuMsod9HFokGNudZpi/oQV73hnVK+sR+5PVRMd+Dr7YQ==",
            "license": "ISC",
            "dependencies": {
                "string-width": "^4.2.0",
                "strip-ansi": "^6.0.1",
                "wrap-ansi": "^7.0.0"
            },
            "engines": {
                "node": ">=12"
            }
        },
        "node_modules/cluster-key-slot": {
            "version": "1.1.2",
            "resolved": "https://registry.npmjs.org/cluster-key-slot/-/cluster-key-slot-1.1.2.tgz",
            "integrity": "sha512-RMr0FhtfXemyinomL4hrWcYJxmX6deFdCxpJzhDttxgO1+bcCnkk+9drydLVDmAMG7NE6aN/fl4F7ucU/90gAA==",
            "license": "Apache-2.0",
            "engines": {
                "node": ">=0.10.0"
            }
        },
        "node_modules/cmake-ts": {
            "version": "1.0.2",
            "resolved": "https://registry.npmjs.org/cmake-ts/-/cmake-ts-1.0.2.tgz",
            "integrity": "sha512-5l++JHE7MxFuyV/OwJf3ek7ZZN1aGPFPM5oUz6AnK5inQAPe4TFXRMz5sA2qg2FRgByPWdqO+gSfIPo8GzoKNQ==",
            "license": "MIT",
            "bin": {
                "cmake-ts": "build/main.js"
            }
        },
        "node_modules/cockatiel": {
            "version": "3.2.1",
            "resolved": "https://registry.npmjs.org/cockatiel/-/cockatiel-3.2.1.tgz",
            "integrity": "sha512-gfrHV6ZPkquExvMh9IOkKsBzNDk6sDuZ6DdBGUBkvFnTCqCxzpuq48RySgP0AnaqQkw2zynOFj9yly6T1Q2G5Q==",
            "license": "MIT",
            "engines": {
                "node": ">=16"
            }
        },
        "node_modules/color-convert": {
            "version": "2.0.1",
            "resolved": "https://registry.npmjs.org/color-convert/-/color-convert-2.0.1.tgz",
            "integrity": "sha512-RRECPsj7iu/xb5oKYcsFHSppFNnsj/52OVTRKb4zP5onXwVF3zVmmToNcOfGC+CRDpfK/U584fMg38ZHCaElKQ==",
            "license": "MIT",
            "dependencies": {
                "color-name": "~1.1.4"
            },
            "engines": {
                "node": ">=7.0.0"
            }
        },
        "node_modules/color-name": {
            "version": "1.1.4",
            "resolved": "https://registry.npmjs.org/color-name/-/color-name-1.1.4.tgz",
            "integrity": "sha512-dOy+3AuW3a2wNbZHIuMZpTcgjGuLU/uBL/ubcZF9OXbDo8ff4O8yVp5Bf0efS8uEoYo5q4Fx7dY9OgQGXgAsQA==",
            "license": "MIT"
        },
        "node_modules/component-emitter": {
            "version": "2.0.0",
            "resolved": "https://registry.npmjs.org/component-emitter/-/component-emitter-2.0.0.tgz",
            "integrity": "sha512-4m5s3Me2xxlVKG9PkZpQqHQR7bgpnN7joDMJ4yvVkVXngjoITG76IaZmzmywSeRTeTpc6N6r3H3+KyUurV8OYw==",
            "license": "MIT",
            "engines": {
                "node": ">=18"
            },
            "funding": {
                "url": "https://github.com/sponsors/sindresorhus"
            }
        },
        "node_modules/date-fns": {
            "version": "4.1.0",
            "resolved": "https://registry.npmjs.org/date-fns/-/date-fns-4.1.0.tgz",
            "integrity": "sha512-Ukq0owbQXxa/U3EGtsdVBkR1w7KOQ5gIBqdH2hkvknzZPYvBxb/aa6E8L7tmjFtkwZBu3UXBbjIgPo/Ez4xaNg==",
            "license": "MIT",
            "funding": {
                "type": "github",
                "url": "https://github.com/sponsors/kossnocorp"
            }
        },
        "node_modules/dgram": {
            "version": "1.0.1",
            "resolved": "https://registry.npmjs.org/dgram/-/dgram-1.0.1.tgz",
            "integrity": "sha512-zJVFL1EWfKtE0z2VN6qfpn/a+qG1viEzcwJA0EjtzS76ONSE3sEyWBwEbo32hS4IFw/EWVuWN+8b89aPW6It2A==",
            "deprecated": "npm is holding this package for security reasons. As it's a core Node module, we will not transfer it over to other users. You may safely remove the package from your dependencies.",
            "license": "ISC"
        },
        "node_modules/elliptic": {
            "version": "6.6.1",
            "resolved": "https://registry.npmjs.org/elliptic/-/elliptic-6.6.1.tgz",
            "integrity": "sha512-RaddvvMatK2LJHqFJ+YA4WysVN5Ita9E35botqIYspQ4TkRAlCicdzKOjlyv/1Za5RyTNn7di//eEV0uTAfe3g==",
            "license": "MIT",
            "dependencies": {
                "bn.js": "^4.11.9",
                "brorand": "^1.1.0",
                "hash.js": "^1.0.0",
                "hmac-drbg": "^1.0.1",
                "inherits": "^2.0.4",
                "minimalistic-assert": "^1.0.1",
                "minimalistic-crypto-utils": "^1.0.1"
            }
        },
        "node_modules/emoji-regex": {
            "version": "8.0.0",
            "resolved": "https://registry.npmjs.org/emoji-regex/-/emoji-regex-8.0.0.tgz",
            "integrity": "sha512-MSjYzcWNOA0ewAHpz0MxpYFvwg6yjy1NG3xteoqz644VCo/RPgnr1/GGt+ic3iJTzQ8Eu3TdM14SawnVUmGE6A==",
            "license": "MIT"
        },
        "node_modules/escalade": {
            "version": "3.2.0",
            "resolved": "https://registry.npmjs.org/escalade/-/escalade-3.2.0.tgz",
            "integrity": "sha512-WUj2qlxaQtO4g6Pq5c29GTcWGDyd8itL8zTlipgECz3JesAiiOKotd8JU6otB3PACgG6xkJUyVhboMS+bje/jA==",
            "license": "MIT",
            "engines": {
                "node": ">=6"
            }
        },
        "node_modules/etcd3": {
            "version": "1.1.2",
            "resolved": "https://registry.npmjs.org/etcd3/-/etcd3-1.1.2.tgz",
            "integrity": "sha512-YIampCz1/OmrVo/tR3QltAVUtYCQQOSFoqmHKKeoHbalm+WdXe3l4rhLIylklu8EzR/I3PBiOF4dC847dDskKg==",
            "license": "MIT",
            "dependencies": {
                "@grpc/grpc-js": "^1.8.20",
                "@grpc/proto-loader": "^0.7.8",
                "bignumber.js": "^9.1.1",
                "cockatiel": "^3.1.1"
            },
            "engines": {
                "node": ">=16"
            }
        },
        "node_modules/fs": {
            "version": "0.0.1-security",
            "resolved": "https://registry.npmjs.org/fs/-/fs-0.0.1-security.tgz",
            "integrity": "sha512-3XY9e1pP0CVEUCdj5BmfIZxRBTSDycnbqhIOGec9QYtmVH2fbLpj86CFWkrNOkt/Fvty4KZG5lTglL9j/gJ87w==",
            "license": "ISC"
        },
        "node_modules/get-caller-file": {
            "version": "2.0.5",
            "resolved": "https://registry.npmjs.org/get-caller-file/-/get-caller-file-2.0.5.tgz",
            "integrity": "sha512-DyFP3BM/3YHTQOCUL/w0OZHR0lpKeGrxotcHWcqNEdnltqFwXVfhEBQ94eIo34AfQpo0rGki4cyIiftY06h2Fg==",
            "license": "ISC",
            "engines": {
                "node": "6.* || 8.* || >= 10.*"
            }
        },
        "node_modules/hash.js": {
            "version": "1.1.7",
            "resolved": "https://registry.npmjs.org/hash.js/-/hash.js-1.1.7.tgz",
            "integrity": "sha512-taOaskGt4z4SOANNseOviYDvjEJinIkRgmp7LbKP2YTTmVxWBl87s/uzK9r+44BclBSp2X7K1hqeNfz9JbBeXA==",
            "license": "MIT",
            "dependencies": {
                "inherits": "^2.0.3",
                "minimalistic-assert": "^1.0.1"
            }
        },
        "node_modules/hmac-drbg": {
            "version": "1.0.1",
            "resolved": "https://registry.npmjs.org/hmac-drbg/-/hmac-drbg-1.0.1.tgz",
            "integrity": "sha512-Tti3gMqLdZfhOQY1Mzf/AanLiqh1WTiJgEj26ZuYQ9fbkLomzGchCws4FyrSd4VkpBfiNhaE1On+lOz894jvXg==",
            "license": "MIT",
            "dependencies": {
                "hash.js": "^1.0.3",
                "minimalistic-assert": "^1.0.0",
                "minimalistic-crypto-utils": "^1.0.1"
            }
        },
        "node_modules/inherits": {
            "version": "2.0.4",
            "resolved": "https://registry.npmjs.org/inherits/-/inherits-2.0.4.tgz",
            "integrity": "sha512-k/vGaX4/Yla3WzyMCvTQOXYeIHvqOKtnqBduzTHpzpQZzAskKMhZ2K+EnBiSM9zGSoIFeMpXKxa4dYeZIQqewQ==",
            "license": "ISC"
        },
        "node_modules/is-fullwidth-code-point": {
            "version": "3.0.0",
            "resolved": "https://registry.npmjs.org/is-fullwidth-code-point/-/is-fullwidth-code-point-3.0.0.tgz",
            "integrity": "sha512-zymm5+u+sCsSWyD9qNaejV3DFvhCKclKdizYaJUuHA83RLjb7nSuGnddCHGv0hk+KY7BMAlsWeK4Ueg6EV6XQg==",
            "license": "MIT",
            "engines": {
                "node": ">=8"
            }
        },
        "node_modules/lodash": {
            "version": "4.17.21",
            "resolved": "https://registry.npmjs.org/lodash/-/lodash-4.17.21.tgz",
            "integrity": "sha512-v2kDEe57lecTulaDIuNTPy3Ry4gLGJ6Z1O3vE1krgXZNrsQ+LFTGHVxVjcXPs17LhbZVGedAJv8XZ1tvj5FvSg==",
            "license": "MIT"
        },
        "node_modules/lodash.camelcase": {
            "version": "4.3.0",
            "resolved": "https://registry.npmjs.org/lodash.camelcase/-/lodash.camelcase-4.3.0.tgz",
            "integrity": "sha512-TwuEnCnxbc3rAvhf/LbG7tJUDzhqXyFnv3dtzLOPgCG/hODL7WFnsbwktkD7yUV0RrreP/l1PALq/YSg6VvjlA==",
            "license": "MIT"
        },
        "node_modules/long": {
            "version": "5.3.2",
            "resolved": "https://registry.npmjs.org/long/-/long-5.3.2.tgz",
            "integrity": "sha512-mNAgZ1GmyNhD7AuqnTG3/VQ26o760+ZYBPKjPvugO8+nLbYfX6TVpJPseBvopbdY+qpZ/lKUnmEc1LeZYS3QAA==",
            "license": "Apache-2.0"
        },
        "node_modules/minimalistic-assert": {
            "version": "1.0.1",
            "resolved": "https://registry.npmjs.org/minimalistic-assert/-/minimalistic-assert-1.0.1.tgz",
            "integrity": "sha512-UtJcAD4yEaGtjPezWuO9wC4nwUnVH/8/Im3yEHQP4b67cXlD/Qr9hdITCU1xDbSEXg2XKNaP8jsReV7vQd00/A==",
            "license": "ISC"
        },
        "node_modules/minimalistic-crypto-utils": {
            "version": "1.0.1",
            "resolved": "https://registry.npmjs.org/minimalistic-crypto-utils/-/minimalistic-crypto-utils-1.0.1.tgz",
            "integrity": "sha512-JIYlbt6g8i5jKfJ3xz7rF0LXmv2TkDxBLUkiBeZ7bAx4GnnNMr8xFpGnOxn6GhTEHx3SjRrZEoU+j04prX1ktg==",
            "license": "MIT"
        },
        "node_modules/nats": {
            "version": "2.29.3",
            "resolved": "https://registry.npmjs.org/nats/-/nats-2.29.3.tgz",
            "integrity": "sha512-tOQCRCwC74DgBTk4pWZ9V45sk4d7peoE2njVprMRCBXrhJ5q5cYM7i6W+Uvw2qUrcfOSnuisrX7bEx3b3Wx4QA==",
            "license": "Apache-2.0",
            "dependencies": {
                "nkeys.js": "1.1.0"
            },
            "engines": {
                "node": ">= 14.0.0"
            }
        },
        "node_modules/nkeys.js": {
            "version": "1.1.0",
            "resolved": "https://registry.npmjs.org/nkeys.js/-/nkeys.js-1.1.0.tgz",
            "integrity": "sha512-tB/a0shZL5UZWSwsoeyqfTszONTt4k2YS0tuQioMOD180+MbombYVgzDUYHlx+gejYK6rgf08n/2Df99WY0Sxg==",
            "license": "Apache-2.0",
            "dependencies": {
                "tweetnacl": "1.0.3"
            },
            "engines": {
                "node": ">=10.0.0"
            }
        },
        "node_modules/node-addon-api": {
            "version": "8.5.0",
            "resolved": "https://registry.npmjs.org/node-addon-api/-/node-addon-api-8.5.0.tgz",
            "integrity": "sha512-/bRZty2mXUIFY/xU5HLvveNHlswNJej+RnxBjOMkidWfwZzgTbPG1E3K5TOxRLOR+5hX7bSofy8yf1hZevMS8A==",
            "license": "MIT",
            "engines": {
                "node": "^18 || ^20 || >= 21"
            }
        },
        "node_modules/nofilter": {
            "version": "3.1.0",
            "resolved": "https://registry.npmjs.org/nofilter/-/nofilter-3.1.0.tgz",
            "integrity": "sha512-l2NNj07e9afPnhAhvgVrCD/oy2Ai1yfLpuo3EpiO1jFTsB4sFz6oIfAfSZyQzVpkZQ9xS8ZS5g1jCBgq4Hwo0g==",
            "license": "MIT",
            "engines": {
                "node": ">=12.19"
            }
        },
        "node_modules/os": {
            "version": "0.1.2",
            "resolved": "https://registry.npmjs.org/os/-/os-0.1.2.tgz",
            "integrity": "sha512-ZoXJkvAnljwvc56MbvhtKVWmSkzV712k42Is2mA0+0KTSRakq5XXuXpjZjgAt9ctzl51ojhQWakQQpmOvXWfjQ==",
            "license": "MIT"
        },
        "node_modules/process": {
            "version": "0.11.10",
            "resolved": "https://registry.npmjs.org/process/-/process-0.11.10.tgz",
            "integrity": "sha512-cdGef/drWFoydD1JsMzuFf8100nZl+GT+yacc2bEced5f9Rjk4z+WtFUTBu9PhOi9j/jfmBPu0mMEY4wIdAF8A==",
            "license": "MIT",
            "engines": {
                "node": ">= 0.6.0"
            }
        },
        "node_modules/protobufjs": {
            "version": "7.5.4",
            "resolved": "https://registry.npmjs.org/protobufjs/-/protobufjs-7.5.4.tgz",
            "integrity": "sha512-CvexbZtbov6jW2eXAvLukXjXUW1TzFaivC46BpWc/3BpcCysb5Vffu+B3XHMm8lVEuy2Mm4XGex8hBSg1yapPg==",
            "hasInstallScript": true,
            "license": "BSD-3-Clause",
            "dependencies": {
                "@protobufjs/aspromise": "^1.1.2",
                "@protobufjs/base64": "^1.1.2",
                "@protobufjs/codegen": "^2.0.4",
                "@protobufjs/eventemitter": "^1.1.0",
                "@protobufjs/fetch": "^1.1.0",
                "@protobufjs/float": "^1.0.2",
                "@protobufjs/inquire": "^1.1.0",
                "@protobufjs/path": "^1.1.2",
                "@protobufjs/pool": "^1.1.0",
                "@protobufjs/utf8": "^1.1.0",
                "@types/node": ">=13.7.0",
                "long": "^5.0.0"
            },
            "engines": {
                "node": ">=12.0.0"
            }
        },
        "node_modules/querystringify": {
            "version": "2.2.0",
            "resolved": "https://registry.npmjs.org/querystringify/-/querystringify-2.2.0.tgz",
            "integrity": "sha512-FIqgj2EUvTa7R50u0rGsyTftzjYmv/a3hO345bZNrqabNqjtgiDMgmo4mkUjd+nzU5oF3dClKqFIPUKybUyqoQ==",
            "license": "MIT"
        },
        "node_modules/redis": {
            "version": "5.10.0",
            "resolved": "https://registry.npmjs.org/redis/-/redis-5.10.0.tgz",
            "integrity": "sha512-0/Y+7IEiTgVGPrLFKy8oAEArSyEJkU0zvgV5xyi9NzNQ+SLZmyFbUsWIbgPcd4UdUh00opXGKlXJwMmsis5Byw==",
            "license": "MIT",
            "dependencies": {
                "@redis/bloom": "5.10.0",
                "@redis/client": "5.10.0",
                "@redis/json": "5.10.0",
                "@redis/search": "5.10.0",
                "@redis/time-series": "5.10.0"
            },
            "engines": {
                "node": ">= 18"
            }
        },
        "node_modules/require-directory": {
            "version": "2.1.1",
            "resolved": "https://registry.npmjs.org/require-directory/-/require-directory-2.1.1.tgz",
            "integrity": "sha512-fGxEI7+wsG9xrvdjsrlmL22OMTTiHRwAMroiEeMgq8gzoLC/PQr7RsRDSTLUg/bZAZtF+TVIkHc6/4RIKrui+Q==",
            "license": "MIT",
            "engines": {
                "node": ">=0.10.0"
            }
        },
        "node_modules/requires-port": {
            "version": "1.0.0",
            "resolved": "https://registry.npmjs.org/requires-port/-/requires-port-1.0.0.tgz",
            "integrity": "sha512-KigOCHcocU3XODJxsu8i/j8T9tzT4adHiecwORRQ0ZZFcp7ahwXuRU1m+yuO90C5ZUyGeGfocHDI14M3L3yDAQ==",
            "license": "MIT"
        },
        "node_modules/stream": {
            "version": "0.0.3",
            "resolved": "https://registry.npmjs.org/stream/-/stream-0.0.3.tgz",
            "integrity": "sha512-aMsbn7VKrl4A2T7QAQQbzgN7NVc70vgF5INQrBXqn4dCXN1zy3L9HGgLO5s7PExmdrzTJ8uR/27aviW8or8/+A==",
            "license": "MIT",
            "dependencies": {
                "component-emitter": "^2.0.0"
            }
        },
        "node_modules/string-width": {
            "version": "4.2.3",
            "resolved": "https://registry.npmjs.org/string-width/-/string-width-4.2.3.tgz",
            "integrity": "sha512-wKyQRQpjJ0sIp62ErSZdGsjMJWsap5oRNihHhu6G7JVO/9jIB6UyevL+tXuOqrng8j/cxKTWyWUwvSTriiZz/g==",
            "license": "MIT",
            "dependencies": {
                "emoji-regex": "^8.0.0",
                "is-fullwidth-code-point": "^3.0.0",
                "strip-ansi": "^6.0.1"
            },
            "engines": {
                "node": ">=8"
            }
        },
        "node_modules/strip-ansi": {
            "version": "6.0.1",
            "resolved": "https://registry.npmjs.org/strip-ansi/-/strip-ansi-6.0.1.tgz",
            "integrity": "sha512-Y38VPSHcqkFrCpFnQ9vuSXmquuv5oXOKpGeT6aGrr3o3Gc9AlVa6JBfUSOCnbxGGZF+/0ooI7KrPuUSztUdU5A==",
            "license": "MIT",
            "dependencies": {
                "ansi-regex": "^5.0.1"
            },
            "engines": {
                "node": ">=8"
            }
        },
        "node_modules/tweetnacl": {
            "version": "1.0.3",
            "resolved": "https://registry.npmjs.org/tweetnacl/-/tweetnacl-1.0.3.tgz",
            "integrity": "sha512-6rt+RN7aOi1nGMyC4Xa5DdYiukl2UWCbcJft7YhxReBGQD7OAM8Pbxw6YMo4r2diNEA8FEmu32YOn9rhaiE5yw==",
            "license": "Unlicense"
        },
        "node_modules/typescript": {
            "version": "5.9.3",
            "resolved": "https://registry.npmjs.org/typescript/-/typescript-5.9.3.tgz",
            "integrity": "sha512-jl1vZzPDinLr9eUt3J/t7V6FgNEw9QjvBPdysz9KfQDD41fQrC2Y4vKQdiaUpFT4bXlb1RHhLpp8wtm6M5TgSw==",
            "dev": true,
            "license": "Apache-2.0",
            "bin": {
                "tsc": "bin/tsc",
                "tsserver": "bin/tsserver"
            },
            "engines": {
                "node": ">=14.17"
            }
        },
        "node_modules/undici-types": {
            "version": "7.16.0",
            "resolved": "https://registry.npmjs.org/undici-types/-/undici-types-7.16.0.tgz",
            "integrity": "sha512-Zz+aZWSj8LE6zoxD+xrjh4VfkIG8Ya6LvYkZqtUQGJPZjYl53ypCaUwWqo7eI0x66KBGeRo+mlBEkMSeSZ38Nw==",
            "license": "MIT"
        },
        "node_modules/url-parse": {
            "version": "1.5.10",
            "resolved": "https://registry.npmjs.org/url-parse/-/url-parse-1.5.10.tgz",
            "integrity": "sha512-WypcfiRhfeUP9vvF0j6rw0J3hrWrw6iZv3+22h6iRMJ/8z1Tj6XfLP4DsUix5MhMPnXpiHDoKyoZ/bdCkwBCiQ==",
            "license": "MIT",
            "dependencies": {
                "querystringify": "^2.1.1",
                "requires-port": "^1.0.0"
            }
        },
        "node_modules/uuid": {
            "version": "13.0.0",
            "resolved": "https://registry.npmjs.org/uuid/-/uuid-13.0.0.tgz",
            "integrity": "sha512-XQegIaBTVUjSHliKqcnFqYypAd4S+WCYt5NIeRs6w/UAry7z8Y9j5ZwRRL4kzq9U3sD6v+85er9FvkEaBpji2w==",
            "funding": [
                "https://github.com/sponsors/broofa",
                "https://github.com/sponsors/ctavan"
            ],
            "license": "MIT",
            "bin": {
                "uuid": "dist-node/bin/uuid"
            }
        },
        "node_modules/wrap-ansi": {
            "version": "7.0.0",
            "resolved": "https://registry.npmjs.org/wrap-ansi/-/wrap-ansi-7.0.0.tgz",
            "integrity": "sha512-YVGIj2kamLSTxw6NsZjoBxfSwsn0ycdesmc4p+Q21c5zPuZ1pl+NfxVdxPtdHvmNVOQ6XSYG4AUtyt/Fi7D16Q==",
            "license": "MIT",
            "dependencies": {
                "ansi-styles": "^4.0.0",
                "string-width": "^4.1.0",
                "strip-ansi": "^6.0.0"
            },
            "engines": {
                "node": ">=10"
            },
            "funding": {
                "url": "https://github.com/chalk/wrap-ansi?sponsor=1"
            }
        },
        "node_modules/ws": {
            "version": "8.19.0",
            "resolved": "https://registry.npmjs.org/ws/-/ws-8.19.0.tgz",
            "integrity": "sha512-blAT2mjOEIi0ZzruJfIhb3nps74PRWTCz1IjglWEEpQl5XS/UNama6u2/rjFkDDouqr4L67ry+1aGIALViWjDg==",
            "license": "MIT",
            "engines": {
                "node": ">=10.0.0"
            },
            "peerDependencies": {
                "bufferutil": "^4.0.1",
                "utf-8-validate": ">=5.0.2"
            },
            "peerDependenciesMeta": {
                "bufferutil": {
                    "optional": true
                },
                "utf-8-validate": {
                    "optional": true
                }
            }
        },
        "node_modules/y18n": {
            "version": "5.0.8",
            "resolved": "https://registry.npmjs.org/y18n/-/y18n-5.0.8.tgz",
            "integrity": "sha512-0pfFzegeDWJHJIAmTLRP2DwHjdF5s7jo9tuztdQxAhINCdvS+3nGINqPd00AphqJR/0LhANUS6/+7SCb98YOfA==",
            "license": "ISC",
            "engines": {
                "node": ">=10"
            }
        },
        "node_modules/yargs": {
            "version": "17.7.2",
            "resolved": "https://registry.npmjs.org/yargs/-/yargs-17.7.2.tgz",
            "integrity": "sha512-7dSzzRQ++CKnNI/krKnYRV7JKKPUXMEh61soaHKg9mrWEhzFWhFnxPxGl+69cD1Ou63C13NUPCnmIcrvqCuM6w==",
            "license": "MIT",
            "dependencies": {
                "cliui": "^8.0.1",
                "escalade": "^3.1.1",
                "get-caller-file": "^2.0.5",
                "require-directory": "^2.1.1",
                "string-width": "^4.2.3",
                "y18n": "^5.0.5",
                "yargs-parser": "^21.1.1"
            },
            "engines": {
                "node": ">=12"
            }
        },
        "node_modules/yargs-parser": {
            "version": "21.1.1",
            "resolved": "https://registry.npmjs.org/yargs-parser/-/yargs-parser-21.1.1.tgz",
            "integrity": "sha512-tVpsJW7DdjecAiFpbIB1e3qxIQsE6NoPc5/eTdrbbIC4h0LVsWhnoa3g+m2HclBIujHzsxZ4VJVA+GUuc2/LBw==",
            "license": "ISC",
            "engines": {
                "node": ">=12"
            }
        },
        "node_modules/zeromq": {
            "version": "6.5.0",
            "resolved": "https://registry.npmjs.org/zeromq/-/zeromq-6.5.0.tgz",
            "integrity": "sha512-vWOrt19lvcXTxu5tiHXfEGQuldSlU+qZn2TT+4EbRQzaciWGwNZ99QQTolQOmcwVgZLodv+1QfC6UZs2PX/6pQ==",
            "hasInstallScript": true,
            "license": "MIT AND MPL-2.0",
            "dependencies": {
                "cmake-ts": "1.0.2",
                "node-addon-api": "^8.3.1"
            },
            "engines": {
                "node": ">= 12"
            }
        }
    }
}
